
Microsoft Visual Studio Solution File, Format Version 12.00
# Visual Studio Version 17
VisualStudioVersion = 17.7.34221.43
MinimumVisualStudioVersion = 10.0.40219.1
Project("{FAE04EC0-301F-11D3-BF4B-00C04F79EFBC}") = "GalgameNovelScript", "GalgameNovelScript.csproj", "{707D42FC-289D-44CF-B145-F5279934DE3D}"
EndProject
Global
	GlobalSection(SolutionConfigurationPlatforms) = preSolution
		Debug|Any CPU = Debug|Any CPU
		Release|Any CPU = Release|Any CPU
	EndGlobalSection
	GlobalSection(ProjectConfigurationPlatforms) = postSolution
		{707D42FC-289D-44CF-B145-F5279934DE3D}.Debug|Any CPU.ActiveCfg = Debug|Any CPU
		{707D42FC-289D-44CF-B145-F5279934DE3D}.Debug|Any CPU.Build.0 = Debug|Any CPU
		{707D42FC-289D-44CF-B145-F5279934DE3D}.Release|Any CPU.ActiveCfg = Release|Any CPU
		{707D42FC-289D-44CF-B145-F5279934DE3D}.Release|Any CPU.Build.0 = Release|Any CPU
	EndGlobalSection
	GlobalSection(SolutionProperties) = preSolution
		HideSolutionNode = FALSE
	EndGlobalSection
	GlobalSection(ExtensibilityGlobals) = postSolution
		SolutionGuid = {AF28C849-9EC4-4B66-8E18-B96524E63999}
	EndGlobalSection
EndGlobal
